
Microsoft Visual Studio Solution File, Format Version 12.00
# Visual Studio Version 17
VisualStudioVersion = 17.11.35312.102
MinimumVisualStudioVersion = 10.0.40219.1
Project("{FAE04EC0-301F-11D3-BF4B-00C04F79EFBC}") = "WordSnapConsoleApp", "WordSnapConsoleApp\WordSnapConsoleApp.csproj", "{76AB254F-5D6B-4C07-A8D2-ECC80154331E}"
EndProject
Global
	GlobalSection(SolutionConfigurationPlatforms) = preSolution
		Debug|Any CPU = Debug|Any CPU
		Release|Any CPU = Release|Any CPU
	EndGlobalSection
	GlobalSection(ProjectConfigurationPlatforms) = postSolution
		{76AB254F-5D6B-4C07-A8D2-ECC80154331E}.Debug|Any CPU.ActiveCfg = Debug|Any CPU
		{76AB254F-5D6B-4C07-A8D2-ECC80154331E}.Debug|Any CPU.Build.0 = Debug|Any CPU
		{76AB254F-5D6B-4C07-A8D2-ECC80154331E}.Release|Any CPU.ActiveCfg = Release|Any CPU
		{76AB254F-5D6B-4C07-A8D2-ECC80154331E}.Release|Any CPU.Build.0 = Release|Any CPU
	EndGlobalSection
	GlobalSection(SolutionProperties) = preSolution
		HideSolutionNode = FALSE
	EndGlobalSection
	GlobalSection(ExtensibilityGlobals) = postSolution
		SolutionGuid = {2DDBD8CF-3517-44D7-857D-B32AE0FB81E5}
	EndGlobalSection
EndGlobal
