
Microsoft Visual Studio Solution File, Format Version 12.00
# Visual Studio Version 17
VisualStudioVersion = 17.11.35312.102
MinimumVisualStudioVersion = 10.0.40219.1
Project("{9A19103F-16F7-4668-BE54-9A1E7A4F7556}") = "WordSnapConsoleApp", "WordSnapConsoleApp\WordSnapConsoleApp.csproj", "{76AB254F-5D6B-4C07-A8D2-ECC80154331E}"
EndProject
Project("{9A19103F-16F7-4668-BE54-9A1E7A4F7556}") = "WordSnapWPFApp", "WordSnapWPFApp\WordSnapWPFApp.csproj", "{DF0799ED-7CD7-4D66-8A54-E62D7E3DE163}"
EndProject
Project("{FAE04EC0-301F-11D3-BF4B-00C04F79EFBC}") = "WordSnapConsoleAppTests", "WordSnapConsoleAppTests\WordSnapConsoleAppTests.csproj", "{3D9144D0-6ABB-4E8B-A964-CDB17B49C873}"
EndProject
Project("{FAE04EC0-301F-11D3-BF4B-00C04F79EFBC}") = "WordSnapWPFAppTests", "WordSnapWPFAppTests\WordSnapWPFAppTests.csproj", "{C2C240CC-CDCD-4807-B439-C19F8984FF8F}"
EndProject
Global
	GlobalSection(SolutionConfigurationPlatforms) = preSolution
		Debug|Any CPU = Debug|Any CPU
		Release|Any CPU = Release|Any CPU
	EndGlobalSection
	GlobalSection(ProjectConfigurationPlatforms) = postSolution
		{76AB254F-5D6B-4C07-A8D2-ECC80154331E}.Debug|Any CPU.ActiveCfg = Debug|Any CPU
		{76AB254F-5D6B-4C07-A8D2-ECC80154331E}.Debug|Any CPU.Build.0 = Debug|Any CPU
		{76AB254F-5D6B-4C07-A8D2-ECC80154331E}.Release|Any CPU.ActiveCfg = Release|Any CPU
		{76AB254F-5D6B-4C07-A8D2-ECC80154331E}.Release|Any CPU.Build.0 = Release|Any CPU
		{DF0799ED-7CD7-4D66-8A54-E62D7E3DE163}.Debug|Any CPU.ActiveCfg = Debug|Any CPU
		{DF0799ED-7CD7-4D66-8A54-E62D7E3DE163}.Debug|Any CPU.Build.0 = Debug|Any CPU
		{DF0799ED-7CD7-4D66-8A54-E62D7E3DE163}.Release|Any CPU.ActiveCfg = Release|Any CPU
		{DF0799ED-7CD7-4D66-8A54-E62D7E3DE163}.Release|Any CPU.Build.0 = Release|Any CPU
		{3D9144D0-6ABB-4E8B-A964-CDB17B49C873}.Debug|Any CPU.ActiveCfg = Debug|Any CPU
		{3D9144D0-6ABB-4E8B-A964-CDB17B49C873}.Debug|Any CPU.Build.0 = Debug|Any CPU
		{3D9144D0-6ABB-4E8B-A964-CDB17B49C873}.Release|Any CPU.ActiveCfg = Release|Any CPU
		{3D9144D0-6ABB-4E8B-A964-CDB17B49C873}.Release|Any CPU.Build.0 = Release|Any CPU
		{C2C240CC-CDCD-4807-B439-C19F8984FF8F}.Debug|Any CPU.ActiveCfg = Debug|Any CPU
		{C2C240CC-CDCD-4807-B439-C19F8984FF8F}.Debug|Any CPU.Build.0 = Debug|Any CPU
		{C2C240CC-CDCD-4807-B439-C19F8984FF8F}.Release|Any CPU.ActiveCfg = Release|Any CPU
		{C2C240CC-CDCD-4807-B439-C19F8984FF8F}.Release|Any CPU.Build.0 = Release|Any CPU
	EndGlobalSection
	GlobalSection(SolutionProperties) = preSolution
		HideSolutionNode = FALSE
	EndGlobalSection
	GlobalSection(ExtensibilityGlobals) = postSolution
		SolutionGuid = {2DDBD8CF-3517-44D7-857D-B32AE0FB81E5}
	EndGlobalSection
EndGlobal
